# This file is automatically @generated by Cargo.
# It is not intended for manual editing.
version = 4

[[package]]
name = "hdf-core"
version = "0.1.0"

[[package]]
name = "hdf-fault"
version = "0.1.0"
dependencies = [
 "hdf-core",
 "hdf-layout",
 "hdf-sync",
]

[[package]]
name = "hdf-journal"
version = "0.1.0"

[[package]]
name = "hdf-layout"
version = "0.1.0"
dependencies = [
 "hdf-core",
]

[[package]]
name = "hdf-reference"
version = "0.1.0"
dependencies = [
 "hdf-core",
 "hdf-fault",
 "hdf-journal",
 "hdf-layout",
 "hdf-storage",
 "hdf-sync",
]

[[package]]
name = "hdf-storage"
version = "0.1.0"
dependencies = [
 "hdf-core",
]

[[package]]
name = "hdf-sync"
version = "0.1.0"
dependencies = [
 "hdf-core",
]
